
Microsoft Visual Studio Solution File, Format Version 12.00
# Visual Studio Version 16
VisualStudioVersion = 16.0.30413.136
MinimumVisualStudioVersion = 10.0.40219.1
Project("{FAE04EC0-301F-11D3-BF4B-00C04F79EFBC}") = "LinqToSqlProject", "LinqToSqlProject\LinqToSqlProject.csproj", "{52C1C946-3B49-4429-B587-4A7EC172733E}"
EndProject
Project("{FAE04EC0-301F-11D3-BF4B-00C04F79EFBC}") = "ViewWinForms", "ViewWinForms\ViewWinForms.csproj", "{7C507707-84EE-42DF-B61A-A047F62F0674}"
EndProject
Global
	GlobalSection(SolutionConfigurationPlatforms) = preSolution
		Debug|Any CPU = Debug|Any CPU
		Release|Any CPU = Release|Any CPU
	EndGlobalSection
	GlobalSection(ProjectConfigurationPlatforms) = postSolution
		{52C1C946-3B49-4429-B587-4A7EC172733E}.Debug|Any CPU.ActiveCfg = Debug|Any CPU
		{52C1C946-3B49-4429-B587-4A7EC172733E}.Debug|Any CPU.Build.0 = Debug|Any CPU
		{52C1C946-3B49-4429-B587-4A7EC172733E}.Release|Any CPU.ActiveCfg = Release|Any CPU
		{52C1C946-3B49-4429-B587-4A7EC172733E}.Release|Any CPU.Build.0 = Release|Any CPU
		{7C507707-84EE-42DF-B61A-A047F62F0674}.Debug|Any CPU.ActiveCfg = Debug|Any CPU
		{7C507707-84EE-42DF-B61A-A047F62F0674}.Debug|Any CPU.Build.0 = Debug|Any CPU
		{7C507707-84EE-42DF-B61A-A047F62F0674}.Release|Any CPU.ActiveCfg = Release|Any CPU
		{7C507707-84EE-42DF-B61A-A047F62F0674}.Release|Any CPU.Build.0 = Release|Any CPU
	EndGlobalSection
	GlobalSection(SolutionProperties) = preSolution
		HideSolutionNode = FALSE
	EndGlobalSection
	GlobalSection(ExtensibilityGlobals) = postSolution
		SolutionGuid = {0D2EEB60-46FC-46E1-BC46-64E177B5F5C7}
	EndGlobalSection
EndGlobal
